{
  "name": "@capacitor-community/camera-preview",
  "version": "1.0.0",
  "lockfileVersion": 1,
  "requires": true,
  "dependencies": {
    "@capacitor/android": {
      "version": "2.3.0",
      "resolved": "https://registry.npmjs.org/@capacitor/android/-/android-2.3.0.tgz",
      "integrity": "sha512-5mxRW/3ZJPKZStXcqkuEJemsY1A9JrmhEz3lInRfCRvDZKTJWcR7NLrOawDHHFO3pjjej2jnSbmQHo6EjGuZ9w==",
      "dev": true
    },
    "@capacitor/core": {
      "version": "2.3.0",
      "resolved": "https://registry.npmjs.org/@capacitor/core/-/core-2.3.0.tgz",
      "integrity": "sha512-hiU6Im1R195NB/7U5Zdli5UVUje0JztgwE7r5zaRQKUXyEyHsQ4bOTo2qqPZv9XYXa1QrulfKAgMzBQzt41bVg==",
      "requires": {
        "tslib": "^1.9.0"
      }
    },
    "@capacitor/ios": {
      "version": "2.3.0",
      "resolved": "https://registry.npmjs.org/@capacitor/ios/-/ios-2.3.0.tgz",
      "integrity": "sha512-RQYY8It3dPOhZs5kCymnt02NxSCNo90Etgc6bnUjzB7IqQRFNRJ/f56vWb9F61wKOVDrUPJkoeDpXt76Svd+Nw==",
      "dev": true
    },
    "tslib": {
      "version": "1.13.0",
      "resolved": "https://registry.npmjs.org/tslib/-/tslib-1.13.0.tgz",
      "integrity": "sha512-i/6DQjL8Xf3be4K/E6Wgpekn5Qasl1usyw++dAA35Ue5orEn65VIxOA+YvNNl9HV3qv70T7CNwjODHZrLwvd1Q=="
    },
    "typescript": {
      "version": "3.8.3",
      "resolved": "https://registry.npmjs.org/typescript/-/typescript-3.8.3.tgz",
      "integrity": "sha512-MYlEfn5VrLNsgudQTVJeNaQFUAI7DkhnOjdpAp4T+ku1TfQClewlbSuTVHiA+8skNBgaf02TL/kLOvig4y3G8w==",
      "dev": true
    }
  }
}
