{
  "name": "capacitor-camera-preview",
  "version": "0.6.0",
  "lockfileVersion": 1,
  "requires": true,
  "dependencies": {
    "@capacitor/android": {
      "version": "2.0.2",
      "resolved": "https://registry.npmjs.org/@capacitor/android/-/android-2.0.2.tgz",
      "integrity": "sha512-67ILCfBx8niHjRDZZESnbnHxfS7V+F//s7x0l9LZmyJKA+7lcyrvI6Qp4L8QVVRQgCg3kL1AmPbIkkMr0NKVtQ==",
      "dev": true
    },
    "@capacitor/core": {
      "version": "2.0.2",
      "resolved": "https://registry.npmjs.org/@capacitor/core/-/core-2.0.2.tgz",
      "integrity": "sha512-3CiLTdbynUhoLDo2DgBo0qagqHAXiOYQ8BbBbgUhfvocrd1U/TUgLpMAzZbfiFNNC3uIpkjAh7KlkMhaxAcm6w==",
      "requires": {
        "tslib": "^1.9.0"
      }
    },
    "@capacitor/ios": {
      "version": "2.0.2",
      "resolved": "https://registry.npmjs.org/@capacitor/ios/-/ios-2.0.2.tgz",
      "integrity": "sha512-z4erWGR0+ivZDDPXyM+qCTpcP7ewuIWEgBtyTn1xiV/favPsbnOdeUbWlKE+inZxvT7aAAT+rDH3kMbq1e0WSA==",
      "dev": true
    },
    "tslib": {
      "version": "1.11.1",
      "resolved": "https://registry.npmjs.org/tslib/-/tslib-1.11.1.tgz",
      "integrity": "sha512-aZW88SY8kQbU7gpV19lN24LtXh/yD4ZZg6qieAJDDg+YBsJcSmLGK9QpnUjAKVG/xefmvJGd1WUmfpT/g6AJGA=="
    },
    "typescript": {
      "version": "3.8.3",
      "resolved": "https://registry.npmjs.org/typescript/-/typescript-3.8.3.tgz",
      "integrity": "sha512-MYlEfn5VrLNsgudQTVJeNaQFUAI7DkhnOjdpAp4T+ku1TfQClewlbSuTVHiA+8skNBgaf02TL/kLOvig4y3G8w==",
      "dev": true
    }
  }
}
