{
  "name": "@capacitor-community/camera-preview",
  "version": "1.2.0",
  "lockfileVersion": 2,
  "requires": true,
  "packages": {
    "": {
      "name": "@capacitor-community/camera-preview",
      "version": "1.2.0",
      "license": "MIT",
      "dependencies": {
        "@capacitor/core": "^3.0.0-beta.1"
      },
      "devDependencies": {
        "@capacitor/android": "^3.0.0-beta.1",
        "@capacitor/ios": "^3.0.0-beta.1",
        "typescript": "^3.2.4"
      }
    },
    "node_modules/@capacitor/android": {
      "version": "3.0.0-beta.1",
      "resolved": "https://registry.npmjs.org/@capacitor/android/-/android-3.0.0-beta.1.tgz",
      "integrity": "sha512-XtlvrxFfikRknDpC3Wr7DjMFE9V0Ur0OL6p0Z7BEyMCRiEq5tnx/IVfGdpnQimaULn/mhQwYJE6RipQIxegIMQ==",
      "dev": true,
      "peerDependencies": {
        "@capacitor/core": "~3.0.0-beta.1"
      }
    },
    "node_modules/@capacitor/core": {
      "version": "3.0.0-beta.1",
      "resolved": "https://registry.npmjs.org/@capacitor/core/-/core-3.0.0-beta.1.tgz",
      "integrity": "sha512-g6ZknoO/J74ojGh1KPZuwkXs/dwNPm0+r4oojyWZiCNjT2iOwK8j3gA1QWz405GBdDyKXTR3oloUcs2jJBnOyg==",
      "dependencies": {
        "tslib": "^2.1.0"
      }
    },
    "node_modules/@capacitor/ios": {
      "version": "3.0.0-beta.1",
      "resolved": "https://registry.npmjs.org/@capacitor/ios/-/ios-3.0.0-beta.1.tgz",
      "integrity": "sha512-n1znAOXQ5idqjRfxSN8vF8q2IC1waJbT0cTfSE6/7LKQ/afySGll77v725WzUc1XfsOTEn1+buImNOhzWwMvRA==",
      "dev": true,
      "peerDependencies": {
        "@capacitor/core": "~3.0.0-beta.1"
      }
    },
    "node_modules/tslib": {
      "version": "2.1.0",
      "resolved": "https://registry.npmjs.org/tslib/-/tslib-2.1.0.tgz",
      "integrity": "sha512-hcVC3wYEziELGGmEEXue7D75zbwIIVUMWAVbHItGPx0ziyXxrOMQx4rQEVEV45Ut/1IotuEvwqPopzIOkDMf0A=="
    },
    "node_modules/typescript": {
      "version": "3.9.7",
      "resolved": "https://registry.npmjs.org/typescript/-/typescript-3.9.7.tgz",
      "integrity": "sha512-BLbiRkiBzAwsjut4x/dsibSTB6yWpwT5qWmC2OfuCg3GgVQCSgMs4vEctYPhsaGtd0AeuuHMkjZ2h2WG8MSzRw==",
      "dev": true,
      "bin": {
        "tsc": "bin/tsc",
        "tsserver": "bin/tsserver"
      },
      "engines": {
        "node": ">=4.2.0"
      }
    }
  },
  "dependencies": {
    "@capacitor/android": {
      "version": "3.0.0-beta.1",
      "resolved": "https://registry.npmjs.org/@capacitor/android/-/android-3.0.0-beta.1.tgz",
      "integrity": "sha512-XtlvrxFfikRknDpC3Wr7DjMFE9V0Ur0OL6p0Z7BEyMCRiEq5tnx/IVfGdpnQimaULn/mhQwYJE6RipQIxegIMQ==",
      "dev": true,
      "requires": {}
    },
    "@capacitor/core": {
      "version": "3.0.0-beta.1",
      "resolved": "https://registry.npmjs.org/@capacitor/core/-/core-3.0.0-beta.1.tgz",
      "integrity": "sha512-g6ZknoO/J74ojGh1KPZuwkXs/dwNPm0+r4oojyWZiCNjT2iOwK8j3gA1QWz405GBdDyKXTR3oloUcs2jJBnOyg==",
      "requires": {
        "tslib": "^2.1.0"
      }
    },
    "@capacitor/ios": {
      "version": "3.0.0-beta.1",
      "resolved": "https://registry.npmjs.org/@capacitor/ios/-/ios-3.0.0-beta.1.tgz",
      "integrity": "sha512-n1znAOXQ5idqjRfxSN8vF8q2IC1waJbT0cTfSE6/7LKQ/afySGll77v725WzUc1XfsOTEn1+buImNOhzWwMvRA==",
      "dev": true,
      "requires": {}
    },
    "tslib": {
      "version": "2.1.0",
      "resolved": "https://registry.npmjs.org/tslib/-/tslib-2.1.0.tgz",
      "integrity": "sha512-hcVC3wYEziELGGmEEXue7D75zbwIIVUMWAVbHItGPx0ziyXxrOMQx4rQEVEV45Ut/1IotuEvwqPopzIOkDMf0A=="
    },
    "typescript": {
      "version": "3.9.7",
      "resolved": "https://registry.npmjs.org/typescript/-/typescript-3.9.7.tgz",
      "integrity": "sha512-BLbiRkiBzAwsjut4x/dsibSTB6yWpwT5qWmC2OfuCg3GgVQCSgMs4vEctYPhsaGtd0AeuuHMkjZ2h2WG8MSzRw==",
      "dev": true
    }
  }
}
