PODS:
  - Capacitor (2.0.1):
    - CapacitorCordova (= 2.0.1)
  - CapacitorCordova (2.0.1)

DEPENDENCIES:
  - "Capacitor (from `../node_modules/@capacitor/ios`)"

SPEC REPOS:
  trunk:
    - CapacitorCordova

EXTERNAL SOURCES:
  Capacitor:
    :path: "../node_modules/@capacitor/ios"

SPEC CHECKSUMS:
  Capacitor: 893baa42b33635ddf23d29d23d2a7f33f7c08bc7
  CapacitorCordova: 9fee2eb6780331b6ff09710d6a7d1f2e4707f1b9

PODFILE CHECKSUM: 38d083712967e4c216faff8d0b7c5eb7faa2b523

COCOAPODS: 1.9.1
