PODS:
  - Capacitor (4.4.0):
    - CapacitorCordova
  - CapacitorCordova (2.0.1)

DEPENDENCIES:
  - "Capacitor (from `../node_modules/@capacitor/ios`)"

SPEC REPOS:
  trunk:
    - CapacitorCordova

EXTERNAL SOURCES:
  Capacitor:
    :path: "../node_modules/@capacitor/ios"

SPEC CHECKSUMS:
  Capacitor: 868367fcfeb3ba6bfabaefc63c072e6478bd046d
  CapacitorCordova: 9fee2eb6780331b6ff09710d6a7d1f2e4707f1b9

PODFILE CHECKSUM: e80ffb7ef3a0ac7d0d6143f3e64f287d4d027c84

COCOAPODS: 1.11.3
